<Solution>
  <Project Path="src/obsidian-sync-manager.AppHost/obsidian-sync-manager.AppHost.csproj" />
  <Project Path="src/obsidian-sync-manager.ServiceDefaults/obsidian-sync-manager.ServiceDefaults.csproj" />
  <Project Path="src/obsidian-sync-manager.Web/obsidian-sync-manager.Web.csproj" />
</Solution>
